Microsoft Visual Studio Solution File, Format Version 12.00
# Visual Studio Version 17
VisualStudioVersion = 17.5.2.0
MinimumVisualStudioVersion = 10.0.40219.1
Project("{FAE04EC0-301F-11D3-BF4B-00C04F79EFBC}") = "dotnet-http", "dotnet-http\dotnet-http.csproj", "{5F33300E-0205-B18A-9D77-5E44DAE18B5F}"
EndProject
Project("{FAE04EC0-301F-11D3-BF4B-00C04F79EFBC}") = "Renatus", "Renatus\Renatus.csproj", "{3BD52AB2-C45C-46AA-8E1A-6A338CA44D9D}"
EndProject
Global
	GlobalSection(SolutionConfigurationPlatforms) = preSolution
		Debug|Any CPU = Debug|Any CPU
		Release|Any CPU = Release|Any CPU
	EndGlobalSection
	GlobalSection(ProjectConfigurationPlatforms) = postSolution
		{5F33300E-0205-B18A-9D77-5E44DAE18B5F}.Debug|Any CPU.ActiveCfg = Debug|Any CPU
		{5F33300E-0205-B18A-9D77-5E44DAE18B5F}.Debug|Any CPU.Build.0 = Debug|Any CPU
		{5F33300E-0205-B18A-9D77-5E44DAE18B5F}.Release|Any CPU.ActiveCfg = Release|Any CPU
		{5F33300E-0205-B18A-9D77-5E44DAE18B5F}.Release|Any CPU.Build.0 = Release|Any CPU
		{3BD52AB2-C45C-46AA-8E1A-6A338CA44D9D}.Debug|Any CPU.ActiveCfg = Debug|Any CPU
		{3BD52AB2-C45C-46AA-8E1A-6A338CA44D9D}.Debug|Any CPU.Build.0 = Debug|Any CPU
		{3BD52AB2-C45C-46AA-8E1A-6A338CA44D9D}.Release|Any CPU.ActiveCfg = Release|Any CPU
		{3BD52AB2-C45C-46AA-8E1A-6A338CA44D9D}.Release|Any CPU.Build.0 = Release|Any CPU
	EndGlobalSection
	GlobalSection(SolutionProperties) = preSolution
		HideSolutionNode = FALSE
	EndGlobalSection
	GlobalSection(ExtensibilityGlobals) = postSolution
		SolutionGuid = {A05ECE11-852A-409B-86AB-7E564A30DD98}
	EndGlobalSection
EndGlobal
